
Microsoft Visual Studio Solution File, Format Version 12.00
# Visual Studio Version 17
VisualStudioVersion = 17.11.35222.181
MinimumVisualStudioVersion = 10.0.40219.1
Project("{FAE04EC0-301F-11D3-BF4B-00C04F79EFBC}") = "Year2Homework", "Year2Homework\Year2Homework.csproj", "{ABF211FB-C065-4950-8D75-7FCC842182B0}"
EndProject
Project("{FAE04EC0-301F-11D3-BF4B-00C04F79EFBC}") = "A200", "A200\A200.csproj", "{F92D3CEE-174A-4526-A2F7-187BFD0C515D}"
EndProject
Project("{FAE04EC0-301F-11D3-BF4B-00C04F79EFBC}") = "A201", "A201\A201.csproj", "{5AB978AC-84A5-4067-A30D-BB785878D754}"
EndProject
Project("{FAE04EC0-301F-11D3-BF4B-00C04F79EFBC}") = "A202", "A202\A202.csproj", "{6D64D9A3-8552-47B8-A606-1046FEB0CAC6}"
EndProject
Project("{FAE04EC0-301F-11D3-BF4B-00C04F79EFBC}") = "A203", "A203\A203.csproj", "{DFCA83DC-C8D0-45EC-983B-AD29D5BB10C4}"
EndProject
Project("{FAE04EC0-301F-11D3-BF4B-00C04F79EFBC}") = "A205", "A205\A205.csproj", "{E4F5876C-D1E4-4E98-A3CF-0FC8C755FDC1}"
EndProject
Project("{FAE04EC0-301F-11D3-BF4B-00C04F79EFBC}") = "A208", "A208\A208.csproj", "{B29DEAF7-DAEC-4A65-AFB9-B9CAF4491E91}"
EndProject
Project("{FAE04EC0-301F-11D3-BF4B-00C04F79EFBC}") = "A209", "A209\A209.csproj", "{EF0880E8-42E3-458A-8E0E-86137E90C0F1}"
EndProject
Project("{FAE04EC0-301F-11D3-BF4B-00C04F79EFBC}") = "A210", "A210\A210.csproj", "{B77FFACA-8018-475C-B228-2C7C5CB66043}"
EndProject
Project("{FAE04EC0-301F-11D3-BF4B-00C04F79EFBC}") = "A212", "A212\A212.csproj", "{92E80F5D-3F22-442D-BD98-41B6FF3CC781}"
EndProject
Project("{FAE04EC0-301F-11D3-BF4B-00C04F79EFBC}") = "A213", "A213\A213.csproj", "{EBA9D705-4E47-46CC-81B1-AD0728344BFF}"
EndProject
Project("{FAE04EC0-301F-11D3-BF4B-00C04F79EFBC}") = "A204", "A204\A204.csproj", "{C137467E-17B0-4492-A26A-A40FDC2D5290}"
EndProject
Project("{FAE04EC0-301F-11D3-BF4B-00C04F79EFBC}") = "A211", "A211\A211.csproj", "{BD451174-3C4B-47B6-9F87-B34211AA0753}"
EndProject
Project("{FAE04EC0-301F-11D3-BF4B-00C04F79EFBC}") = "A214", "A214\A214.csproj", "{DA71BE1C-C31F-4209-99FD-15D484C75721}"
EndProject
Project("{FAE04EC0-301F-11D3-BF4B-00C04F79EFBC}") = "A215", "A215\A215.csproj", "{08E2DE2D-83C1-4655-9D36-42309BB665FE}"
EndProject
Project("{FAE04EC0-301F-11D3-BF4B-00C04F79EFBC}") = "A219", "A219\A219.csproj", "{272890E1-55EE-4ECF-A5D2-B4578FF4506C}"
EndProject
Global
	GlobalSection(SolutionConfigurationPlatforms) = preSolution
		Debug|Any CPU = Debug|Any CPU
		Release|Any CPU = Release|Any CPU
	EndGlobalSection
	GlobalSection(ProjectConfigurationPlatforms) = postSolution
		{ABF211FB-C065-4950-8D75-7FCC842182B0}.Debug|Any CPU.ActiveCfg = Debug|Any CPU
		{ABF211FB-C065-4950-8D75-7FCC842182B0}.Debug|Any CPU.Build.0 = Debug|Any CPU
		{ABF211FB-C065-4950-8D75-7FCC842182B0}.Release|Any CPU.ActiveCfg = Release|Any CPU
		{ABF211FB-C065-4950-8D75-7FCC842182B0}.Release|Any CPU.Build.0 = Release|Any CPU
		{F92D3CEE-174A-4526-A2F7-187BFD0C515D}.Debug|Any CPU.ActiveCfg = Debug|Any CPU
		{F92D3CEE-174A-4526-A2F7-187BFD0C515D}.Debug|Any CPU.Build.0 = Debug|Any CPU
		{F92D3CEE-174A-4526-A2F7-187BFD0C515D}.Release|Any CPU.ActiveCfg = Release|Any CPU
		{F92D3CEE-174A-4526-A2F7-187BFD0C515D}.Release|Any CPU.Build.0 = Release|Any CPU
		{5AB978AC-84A5-4067-A30D-BB785878D754}.Debug|Any CPU.ActiveCfg = Debug|Any CPU
		{5AB978AC-84A5-4067-A30D-BB785878D754}.Debug|Any CPU.Build.0 = Debug|Any CPU
		{5AB978AC-84A5-4067-A30D-BB785878D754}.Release|Any CPU.ActiveCfg = Release|Any CPU
		{5AB978AC-84A5-4067-A30D-BB785878D754}.Release|Any CPU.Build.0 = Release|Any CPU
		{6D64D9A3-8552-47B8-A606-1046FEB0CAC6}.Debug|Any CPU.ActiveCfg = Debug|Any CPU
		{6D64D9A3-8552-47B8-A606-1046FEB0CAC6}.Debug|Any CPU.Build.0 = Debug|Any CPU
		{6D64D9A3-8552-47B8-A606-1046FEB0CAC6}.Release|Any CPU.ActiveCfg = Release|Any CPU
		{6D64D9A3-8552-47B8-A606-1046FEB0CAC6}.Release|Any CPU.Build.0 = Release|Any CPU
		{DFCA83DC-C8D0-45EC-983B-AD29D5BB10C4}.Debug|Any CPU.ActiveCfg = Debug|Any CPU
		{DFCA83DC-C8D0-45EC-983B-AD29D5BB10C4}.Debug|Any CPU.Build.0 = Debug|Any CPU
		{DFCA83DC-C8D0-45EC-983B-AD29D5BB10C4}.Release|Any CPU.ActiveCfg = Release|Any CPU
		{DFCA83DC-C8D0-45EC-983B-AD29D5BB10C4}.Release|Any CPU.Build.0 = Release|Any CPU
		{E4F5876C-D1E4-4E98-A3CF-0FC8C755FDC1}.Debug|Any CPU.ActiveCfg = Debug|Any CPU
		{E4F5876C-D1E4-4E98-A3CF-0FC8C755FDC1}.Debug|Any CPU.Build.0 = Debug|Any CPU
		{E4F5876C-D1E4-4E98-A3CF-0FC8C755FDC1}.Release|Any CPU.ActiveCfg = Release|Any CPU
		{E4F5876C-D1E4-4E98-A3CF-0FC8C755FDC1}.Release|Any CPU.Build.0 = Release|Any CPU
		{B29DEAF7-DAEC-4A65-AFB9-B9CAF4491E91}.Debug|Any CPU.ActiveCfg = Debug|Any CPU
		{B29DEAF7-DAEC-4A65-AFB9-B9CAF4491E91}.Debug|Any CPU.Build.0 = Debug|Any CPU
		{B29DEAF7-DAEC-4A65-AFB9-B9CAF4491E91}.Release|Any CPU.ActiveCfg = Release|Any CPU
		{B29DEAF7-DAEC-4A65-AFB9-B9CAF4491E91}.Release|Any CPU.Build.0 = Release|Any CPU
		{EF0880E8-42E3-458A-8E0E-86137E90C0F1}.Debug|Any CPU.ActiveCfg = Debug|Any CPU
		{EF0880E8-42E3-458A-8E0E-86137E90C0F1}.Debug|Any CPU.Build.0 = Debug|Any CPU
		{EF0880E8-42E3-458A-8E0E-86137E90C0F1}.Release|Any CPU.ActiveCfg = Release|Any CPU
		{EF0880E8-42E3-458A-8E0E-86137E90C0F1}.Release|Any CPU.Build.0 = Release|Any CPU
		{B77FFACA-8018-475C-B228-2C7C5CB66043}.Debug|Any CPU.ActiveCfg = Debug|Any CPU
		{B77FFACA-8018-475C-B228-2C7C5CB66043}.Debug|Any CPU.Build.0 = Debug|Any CPU
		{B77FFACA-8018-475C-B228-2C7C5CB66043}.Release|Any CPU.ActiveCfg = Release|Any CPU
		{B77FFACA-8018-475C-B228-2C7C5CB66043}.Release|Any CPU.Build.0 = Release|Any CPU
		{92E80F5D-3F22-442D-BD98-41B6FF3CC781}.Debug|Any CPU.ActiveCfg = Debug|Any CPU
		{92E80F5D-3F22-442D-BD98-41B6FF3CC781}.Debug|Any CPU.Build.0 = Debug|Any CPU
		{92E80F5D-3F22-442D-BD98-41B6FF3CC781}.Release|Any CPU.ActiveCfg = Release|Any CPU
		{92E80F5D-3F22-442D-BD98-41B6FF3CC781}.Release|Any CPU.Build.0 = Release|Any CPU
		{EBA9D705-4E47-46CC-81B1-AD0728344BFF}.Debug|Any CPU.ActiveCfg = Debug|Any CPU
		{EBA9D705-4E47-46CC-81B1-AD0728344BFF}.Debug|Any CPU.Build.0 = Debug|Any CPU
		{EBA9D705-4E47-46CC-81B1-AD0728344BFF}.Release|Any CPU.ActiveCfg = Release|Any CPU
		{EBA9D705-4E47-46CC-81B1-AD0728344BFF}.Release|Any CPU.Build.0 = Release|Any CPU
		{C137467E-17B0-4492-A26A-A40FDC2D5290}.Debug|Any CPU.ActiveCfg = Debug|Any CPU
		{C137467E-17B0-4492-A26A-A40FDC2D5290}.Debug|Any CPU.Build.0 = Debug|Any CPU
		{C137467E-17B0-4492-A26A-A40FDC2D5290}.Release|Any CPU.ActiveCfg = Release|Any CPU
		{C137467E-17B0-4492-A26A-A40FDC2D5290}.Release|Any CPU.Build.0 = Release|Any CPU
		{BD451174-3C4B-47B6-9F87-B34211AA0753}.Debug|Any CPU.ActiveCfg = Debug|Any CPU
		{BD451174-3C4B-47B6-9F87-B34211AA0753}.Debug|Any CPU.Build.0 = Debug|Any CPU
		{BD451174-3C4B-47B6-9F87-B34211AA0753}.Release|Any CPU.ActiveCfg = Release|Any CPU
		{BD451174-3C4B-47B6-9F87-B34211AA0753}.Release|Any CPU.Build.0 = Release|Any CPU
		{DA71BE1C-C31F-4209-99FD-15D484C75721}.Debug|Any CPU.ActiveCfg = Debug|Any CPU
		{DA71BE1C-C31F-4209-99FD-15D484C75721}.Debug|Any CPU.Build.0 = Debug|Any CPU
		{DA71BE1C-C31F-4209-99FD-15D484C75721}.Release|Any CPU.ActiveCfg = Release|Any CPU
		{DA71BE1C-C31F-4209-99FD-15D484C75721}.Release|Any CPU.Build.0 = Release|Any CPU
		{08E2DE2D-83C1-4655-9D36-42309BB665FE}.Debug|Any CPU.ActiveCfg = Debug|Any CPU
		{08E2DE2D-83C1-4655-9D36-42309BB665FE}.Debug|Any CPU.Build.0 = Debug|Any CPU
		{08E2DE2D-83C1-4655-9D36-42309BB665FE}.Release|Any CPU.ActiveCfg = Release|Any CPU
		{08E2DE2D-83C1-4655-9D36-42309BB665FE}.Release|Any CPU.Build.0 = Release|Any CPU
		{272890E1-55EE-4ECF-A5D2-B4578FF4506C}.Debug|Any CPU.ActiveCfg = Debug|Any CPU
		{272890E1-55EE-4ECF-A5D2-B4578FF4506C}.Debug|Any CPU.Build.0 = Debug|Any CPU
		{272890E1-55EE-4ECF-A5D2-B4578FF4506C}.Release|Any CPU.ActiveCfg = Release|Any CPU
		{272890E1-55EE-4ECF-A5D2-B4578FF4506C}.Release|Any CPU.Build.0 = Release|Any CPU
	EndGlobalSection
	GlobalSection(SolutionProperties) = preSolution
		HideSolutionNode = FALSE
	EndGlobalSection
	GlobalSection(ExtensibilityGlobals) = postSolution
		SolutionGuid = {4A713A0C-BE22-447F-B47B-0ACA884B5E17}
	EndGlobalSection
EndGlobal
